// !$*UTF8*$!
{
	archiveVersion = 1;
	classes = {
	};
	objectVersion = 50;
	objects = {

/* Begin PBXBuildFile section */
		66BD5DF4247C3A3400B6BD12 /* AppDelegate.swift in Sources */ = {isa = PBXBuildFile; fileRef = 66BD5DF3247C3A3400B6BD12 /* AppDelegate.swift */; };
		66BD5DF6247C3A3400B6BD12 /* SceneDelegate.swift in Sources */ = {isa = PBXBuildFile; fileRef = 66BD5DF5247C3A3400B6BD12 /* SceneDelegate.swift */; };
		66BD5DF8247C3A3400B6BD12 /* ContentView.swift in Sources */ = {isa = PBXBuildFile; fileRef = 66BD5DF7247C3A3400B6BD12 /* ContentView.swift */; };
		66BD5DFA247C3A3500B6BD12 /* Assets.xcassets in Resources */ = {isa = PBXBuildFile; fileRef = 66BD5DF9247C3A3500B6BD12 /* Assets.xcassets */; };
		66BD5DFD247C3A3500B6BD12 /* Preview Assets.xcassets in Resources */ = {isa = PBXBuildFile; fileRef = 66BD5DFC247C3A3500B6BD12 /* Preview Assets.xcassets */; };
		66BD5E00247C3A3500B6BD12 /* LaunchScreen.storyboard in Resources */ = {isa = PBXBuildFile; fileRef = 66BD5DFE247C3A3500B6BD12 /* LaunchScreen.storyboard */; };
		66BD5E08247C3ADD00B6BD12 /* ContentViewController.swift in Sources */ = {isa = PBXBuildFile; fileRef = 66BD5E07247C3ADD00B6BD12 /* ContentViewController.swift */; };
		66BD5E0A247C3DEB00B6BD12 /* MeasuredButton.swift in Sources */ = {isa = PBXBuildFile; fileRef = 66BD5E09247C3DEB00B6BD12 /* MeasuredButton.swift */; };
		66BD5E0C247C549000B6BD12 /* Storyboard.storyboard in Resources */ = {isa = PBXBuildFile; fileRef = 66BD5E0B247C549000B6BD12 /* Storyboard.storyboard */; };
/* End PBXBuildFile section */

/* Begin PBXFileReference section */
		66BD5DF0247C3A3400B6BD12 /* PopoverSwiftUI.app */ = {isa = PBXFileReference; explicitFileType = wrapper.application; includeInIndex = 0; path = PopoverSwiftUI.app; sourceTree = BUILT_PRODUCTS_DIR; };
		66BD5DF3247C3A3400B6BD12 /* AppDelegate.swift */ = {isa = PBXFileReference; lastKnownFileType = sourcecode.swift; path = AppDelegate.swift; sourceTree = "<group>"; };
		66BD5DF5247C3A3400B6BD12 /* SceneDelegate.swift */ = {isa = PBXFileReference; lastKnownFileType = sourcecode.swift; path = SceneDelegate.swift; sourceTree = "<group>"; };
		66BD5DF7247C3A3400B6BD12 /* ContentView.swift */ = {isa = PBXFileReference; lastKnownFileType = sourcecode.swift; path = ContentView.swift; sourceTree = "<group>"; };
		66BD5DF9247C3A3500B6BD12 /* Assets.xcassets */ = {isa = PBXFileReference; lastKnownFileType = folder.assetcatalog; path = Assets.xcassets; sourceTree = "<group>"; };
		66BD5DFC247C3A3500B6BD12 /* Preview Assets.xcassets */ = {isa = PBXFileReference; lastKnownFileType = folder.assetcatalog; path = "Preview Assets.xcassets"; sourceTree = "<group>"; };
		66BD5DFF247C3A3500B6BD12 /* Base */ = {isa = PBXFileReference; lastKnownFileType = file.storyboard; name = Base; path = Base.lproj/LaunchScreen.storyboard; sourceTree = "<group>"; };
		66BD5E01247C3A3500B6BD12 /* Info.plist */ = {isa = PBXFileReference; lastKnownFileType = text.plist.xml; path = Info.plist; sourceTree = "<group>"; };
		66BD5E07247C3ADD00B6BD12 /* ContentViewController.swift */ = {isa = PBXFileReference; lastKnownFileType = sourcecode.swift; path = ContentViewController.swift; sourceTree = "<group>"; };
		66BD5E09247C3DEB00B6BD12 /* MeasuredButton.swift */ = {isa = PBXFileReference; lastKnownFileType = sourcecode.swift; path = MeasuredButton.swift; sourceTree = "<group>"; };
		66BD5E0B247C549000B6BD12 /* Storyboard.storyboard */ = {isa = PBXFileReference; lastKnownFileType = file.storyboard; path = Storyboard.storyboard; sourceTree = "<group>"; };
/* End PBXFileReference section */

/* Begin PBXFrameworksBuildPhase section */
		66BD5DED247C3A3400B6BD12 /* Frameworks */ = {
			isa = PBXFrameworksBuildPhase;
			buildActionMask = 2147483647;
			files = (
			);
			runOnlyForDeploymentPostprocessing = 0;
		};
/* End PBXFrameworksBuildPhase section */

/* Begin PBXGroup section */
		66BD5DE7247C3A3400B6BD12 = {
			isa = PBXGroup;
			children = (
				66BD5DF2247C3A3400B6BD12 /* PopoverSwiftUI */,
				66BD5DF1247C3A3400B6BD12 /* Products */,
			);
			sourceTree = "<group>";
		};
		66BD5DF1247C3A3400B6BD12 /* Products */ = {
			isa = PBXGroup;
			children = (
				66BD5DF0247C3A3400B6BD12 /* PopoverSwiftUI.app */,
			);
			name = Products;
			sourceTree = "<group>";
		};
		66BD5DF2247C3A3400B6BD12 /* PopoverSwiftUI */ = {
			isa = PBXGroup;
			children = (
				66BD5DF3247C3A3400B6BD12 /* AppDelegate.swift */,
				66BD5DF5247C3A3400B6BD12 /* SceneDelegate.swift */,
				66BD5E07247C3ADD00B6BD12 /* ContentViewController.swift */,
				66BD5DF7247C3A3400B6BD12 /* ContentView.swift */,
				66BD5E09247C3DEB00B6BD12 /* MeasuredButton.swift */,
				66BD5DF9247C3A3500B6BD12 /* Assets.xcassets */,
				66BD5DFE247C3A3500B6BD12 /* LaunchScreen.storyboard */,
				66BD5E0B247C549000B6BD12 /* Storyboard.storyboard */,
				66BD5E01247C3A3500B6BD12 /* Info.plist */,
				66BD5DFB247C3A3500B6BD12 /* Preview Content */,
			);
			path = PopoverSwiftUI;
			sourceTree = "<group>";
		};
		66BD5DFB247C3A3500B6BD12 /* Preview Content */ = {
			isa = PBXGroup;
			children = (
				66BD5DFC247C3A3500B6BD12 /* Preview Assets.xcassets */,
			);
			path = "Preview Content";
			sourceTree = "<group>";
		};
/* End PBXGroup section */

/* Begin PBXNativeTarget section */
		66BD5DEF247C3A3400B6BD12 /* PopoverSwiftUI */ = {
			isa = PBXNativeTarget;
			buildConfigurationList = 66BD5E04247C3A3500B6BD12 /* Build configuration list for PBXNativeTarget "PopoverSwiftUI" */;
			buildPhases = (
				66BD5DEC247C3A3400B6BD12 /* Sources */,
				66BD5DED247C3A3400B6BD12 /* Frameworks */,
				66BD5DEE247C3A3400B6BD12 /* Resources */,
			);
			buildRules = (
			);
			dependencies = (
			);
			name = PopoverSwiftUI;
			productName = PopoverSwiftUI;
			productReference = 66BD5DF0247C3A3400B6BD12 /* PopoverSwiftUI.app */;
			productType = "com.apple.product-type.application";
		};
/* End PBXNativeTarget section */

/* Begin PBXProject section */
		66BD5DE8247C3A3400B6BD12 /* Project object */ = {
			isa = PBXProject;
			attributes = {
				LastSwiftUpdateCheck = 1150;
				LastUpgradeCheck = 1150;
				ORGANIZATIONNAME = "Overdesigned, LLC";
				TargetAttributes = {
					66BD5DEF247C3A3400B6BD12 = {
						CreatedOnToolsVersion = 11.5;
					};
				};
			};
			buildConfigurationList = 66BD5DEB247C3A3400B6BD12 /* Build configuration list for PBXProject "PopoverSwiftUI" */;
			compatibilityVersion = "Xcode 9.3";
			developmentRegion = en;
			hasScannedForEncodings = 0;
			knownRegions = (
				en,
				Base,
			);
			mainGroup = 66BD5DE7247C3A3400B6BD12;
			productRefGroup = 66BD5DF1247C3A3400B6BD12 /* Products */;
			projectDirPath = "";
			projectRoot = "";
			targets = (
				66BD5DEF247C3A3400B6BD12 /* PopoverSwiftUI */,
			);
		};
/* End PBXProject section */

/* Begin PBXResourcesBuildPhase section */
		66BD5DEE247C3A3400B6BD12 /* Resources */ = {
			isa = PBXResourcesBuildPhase;
			buildActionMask = 2147483647;
			files = (
				66BD5E00247C3A3500B6BD12 /* LaunchScreen.storyboard in Resources */,
				66BD5E0C247C549000B6BD12 /* Storyboard.storyboard in Resources */,
				66BD5DFD247C3A3500B6BD12 /* Preview Assets.xcassets in Resources */,
				66BD5DFA247C3A3500B6BD12 /* Assets.xcassets in Resources */,
			);
			runOnlyForDeploymentPostprocessing = 0;
		};
/* End PBXResourcesBuildPhase section */

/* Begin PBXSourcesBuildPhase section */
		66BD5DEC247C3A3400B6BD12 /* Sources */ = {
			isa = PBXSourcesBuildPhase;
			buildActionMask = 2147483647;
			files = (
				66BD5E0A247C3DEB00B6BD12 /* MeasuredButton.swift in Sources */,
				66BD5E08247C3ADD00B6BD12 /* ContentViewController.swift in Sources */,
				66BD5DF4247C3A3400B6BD12 /* AppDelegate.swift in Sources */,
				66BD5DF6247C3A3400B6BD12 /* SceneDelegate.swift in Sources */,
				66BD5DF8247C3A3400B6BD12 /* ContentView.swift in Sources */,
			);
			runOnlyForDeploymentPostprocessing = 0;
		};
/* End PBXSourcesBuildPhase section */

/* Begin PBXVariantGroup section */
		66BD5DFE247C3A3500B6BD12 /* LaunchScreen.storyboard */ = {
			isa = PBXVariantGroup;
			children = (
				66BD5DFF247C3A3500B6BD12 /* Base */,
			);
			name = LaunchScreen.storyboard;
			sourceTree = "<group>";
		};
/* End PBXVariantGroup section */

/* Begin XCBuildConfiguration section */
		66BD5E02247C3A3500B6BD12 /* Debug */ = {
			isa = XCBuildConfiguration;
			buildSettings = {
				ALWAYS_SEARCH_USER_PATHS = NO;
				CLANG_ANALYZER_NONNULL = YES;
				CLANG_ANALYZER_NUMBER_OBJECT_CONVERSION = YES_AGGRESSIVE;
				CLANG_CXX_LANGUAGE_STANDARD = "gnu++14";
				CLANG_CXX_LIBRARY = "libc++";
				CLANG_ENABLE_MODULES = YES;
				CLANG_ENABLE_OBJC_ARC = YES;
				CLANG_ENABLE_OBJC_WEAK = YES;
				CLANG_WARN_BLOCK_CAPTURE_AUTORELEASING = YES;
				CLANG_WARN_BOOL_CONVERSION = YES;
				CLANG_WARN_COMMA = YES;
				CLANG_WARN_CONSTANT_CONVERSION = YES;
				CLANG_WARN_DEPRECATED_OBJC_IMPLEMENTATIONS = YES;
				CLANG_WARN_DIRECT_OBJC_ISA_USAGE = YES_ERROR;
				CLANG_WARN_DOCUMENTATION_COMMENTS = YES;
				CLANG_WARN_EMPTY_BODY = YES;
				CLANG_WARN_ENUM_CONVERSION = YES;
				CLANG_WARN_INFINITE_RECURSION = YES;
				CLANG_WARN_INT_CONVERSION = YES;
				CLANG_WARN_NON_LITERAL_NULL_CONVERSION = YES;
				CLANG_WARN_OBJC_IMPLICIT_RETAIN_SELF = YES;
				CLANG_WARN_OBJC_LITERAL_CONVERSION = YES;
				CLANG_WARN_OBJC_ROOT_CLASS = YES_ERROR;
				CLANG_WARN_RANGE_LOOP_ANALYSIS = YES;
				CLANG_WARN_STRICT_PROTOTYPES = YES;
				CLANG_WARN_SUSPICIOUS_MOVE = YES;
				CLANG_WARN_UNGUARDED_AVAILABILITY = YES_AGGRESSIVE;
				CLANG_WARN_UNREACHABLE_CODE = YES;
				CLANG_WARN__DUPLICATE_METHOD_MATCH = YES;
				COPY_PHASE_STRIP = NO;
				DEBUG_INFORMATION_FORMAT = dwarf;
				ENABLE_STRICT_OBJC_MSGSEND = YES;
				ENABLE_TESTABILITY = YES;
				GCC_C_LANGUAGE_STANDARD = gnu11;
				GCC_DYNAMIC_NO_PIC = NO;
				GCC_NO_COMMON_BLOCKS = YES;
				GCC_OPTIMIZATION_LEVEL = 0;
				GCC_PREPROCESSOR_DEFINITIONS = (
					"DEBUG=1",
					"$(inherited)",
				);
				GCC_WARN_64_TO_32_BIT_CONVERSION = YES;
				GCC_WARN_ABOUT_RETURN_TYPE = YES_ERROR;
				GCC_WARN_UNDECLARED_SELECTOR = YES;
				GCC_WARN_UNINITIALIZED_AUTOS = YES_AGGRESSIVE;
				GCC_WARN_UNUSED_FUNCTION = YES;
				GCC_WARN_UNUSED_VARIABLE = YES;
				IPHONEOS_DEPLOYMENT_TARGET = 13.5;
				MTL_ENABLE_DEBUG_INFO = INCLUDE_SOURCE;
				MTL_FAST_MATH = YES;
				ONLY_ACTIVE_ARCH = YES;
				SDKROOT = iphoneos;
				SWIFT_ACTIVE_COMPILATION_CONDITIONS = DEBUG;
				SWIFT_OPTIMIZATION_LEVEL = "-Onone";
			};
			name = Debug;
		};
		66BD5E03247C3A3500B6BD12 /* Release */ = {
			isa = XCBuildConfiguration;
			buildSettings = {
				ALWAYS_SEARCH_USER_PATHS = NO;
				CLANG_ANALYZER_NONNULL = YES;
				CLANG_ANALYZER_NUMBER_OBJECT_CONVERSION = YES_AGGRESSIVE;
				CLANG_CXX_LANGUAGE_STANDARD = "gnu++14";
				CLANG_CXX_LIBRARY = "libc++";
				CLANG_ENABLE_MODULES = YES;
				CLANG_ENABLE_OBJC_ARC = YES;
				CLANG_ENABLE_OBJC_WEAK = YES;
				CLANG_WARN_BLOCK_CAPTURE_AUTORELEASING = YES;
				CLANG_WARN_BOOL_CONVERSION = YES;
				CLANG_WARN_COMMA = YES;
				CLANG_WARN_CONSTANT_CONVERSION = YES;
				CLANG_WARN_DEPRECATED_OBJC_IMPLEMENTATIONS = YES;
				CLANG_WARN_DIRECT_OBJC_ISA_USAGE = YES_ERROR;
				CLANG_WARN_DOCUMENTATION_COMMENTS = YES;
				CLANG_WARN_EMPTY_BODY = YES;
				CLANG_WARN_ENUM_CONVERSION = YES;
				CLANG_WARN_INFINITE_RECURSION = YES;
				CLANG_WARN_INT_CONVERSION = YES;
				CLANG_WARN_NON_LITERAL_NULL_CONVERSION = YES;
				CLANG_WARN_OBJC_IMPLICIT_RETAIN_SELF = YES;
				CLANG_WARN_OBJC_LITERAL_CONVERSION = YES;
				CLANG_WARN_OBJC_ROOT_CLASS = YES_ERROR;
				CLANG_WARN_RANGE_LOOP_ANALYSIS = YES;
				CLANG_WARN_STRICT_PROTOTYPES = YES;
				CLANG_WARN_SUSPICIOUS_MOVE = YES;
				CLANG_WARN_UNGUARDED_AVAILABILITY = YES_AGGRESSIVE;
				CLANG_WARN_UNREACHABLE_CODE = YES;
				CLANG_WARN__DUPLICATE_METHOD_MATCH = YES;
				COPY_PHASE_STRIP = NO;
				DEBUG_INFORMATION_FORMAT = "dwarf-with-dsym";
				ENABLE_NS_ASSERTIONS = NO;
				ENABLE_STRICT_OBJC_MSGSEND = YES;
				GCC_C_LANGUAGE_STANDARD = gnu11;
				GCC_NO_COMMON_BLOCKS = YES;
				GCC_WARN_64_TO_32_BIT_CONVERSION = YES;
				GCC_WARN_ABOUT_RETURN_TYPE = YES_ERROR;
				GCC_WARN_UNDECLARED_SELECTOR = YES;
				GCC_WARN_UNINITIALIZED_AUTOS = YES_AGGRESSIVE;
				GCC_WARN_UNUSED_FUNCTION = YES;
				GCC_WARN_UNUSED_VARIABLE = YES;
				IPHONEOS_DEPLOYMENT_TARGET = 13.5;
				MTL_ENABLE_DEBUG_INFO = NO;
				MTL_FAST_MATH = YES;
				SDKROOT = iphoneos;
				SWIFT_COMPILATION_MODE = wholemodule;
				SWIFT_OPTIMIZATION_LEVEL = "-O";
				VALIDATE_PRODUCT = YES;
			};
			name = Release;
		};
		66BD5E05247C3A3500B6BD12 /* Debug */ = {
			isa = XCBuildConfiguration;
			buildSettings = {
				ASSETCATALOG_COMPILER_APPICON_NAME = AppIcon;
				CODE_SIGN_STYLE = Automatic;
				DEVELOPMENT_ASSET_PATHS = "\"PopoverSwiftUI/Preview Content\"";
				DEVELOPMENT_TEAM = Z25UM7P66S;
				ENABLE_PREVIEWS = YES;
				INFOPLIST_FILE = PopoverSwiftUI/Info.plist;
				LD_RUNPATH_SEARCH_PATHS = (
					"$(inherited)",
					"@executable_path/Frameworks",
				);
				PRODUCT_BUNDLE_IDENTIFIER = com.overdesigned.PopoverSwiftUI;
				PRODUCT_NAME = "$(TARGET_NAME)";
				SWIFT_VERSION = 5.0;
				TARGETED_DEVICE_FAMILY = "1,2";
			};
			name = Debug;
		};
		66BD5E06247C3A3500B6BD12 /* Release */ = {
			isa = XCBuildConfiguration;
			buildSettings = {
				ASSETCATALOG_COMPILER_APPICON_NAME = AppIcon;
				CODE_SIGN_STYLE = Automatic;
				DEVELOPMENT_ASSET_PATHS = "\"PopoverSwiftUI/Preview Content\"";
				DEVELOPMENT_TEAM = Z25UM7P66S;
				ENABLE_PREVIEWS = YES;
				INFOPLIST_FILE = PopoverSwiftUI/Info.plist;
				LD_RUNPATH_SEARCH_PATHS = (
					"$(inherited)",
					"@executable_path/Frameworks",
				);
				PRODUCT_BUNDLE_IDENTIFIER = com.overdesigned.PopoverSwiftUI;
				PRODUCT_NAME = "$(TARGET_NAME)";
				SWIFT_VERSION = 5.0;
				TARGETED_DEVICE_FAMILY = "1,2";
			};
			name = Release;
		};
/* End XCBuildConfiguration section */

/* Begin XCConfigurationList section */
		66BD5DEB247C3A3400B6BD12 /* Build configuration list for PBXProject "PopoverSwiftUI" */ = {
			isa = XCConfigurationList;
			buildConfigurations = (
				66BD5E02247C3A3500B6BD12 /* Debug */,
				66BD5E03247C3A3500B6BD12 /* Release */,
			);
			defaultConfigurationIsVisible = 0;
			defaultConfigurationName = Release;
		};
		66BD5E04247C3A3500B6BD12 /* Build configuration list for PBXNativeTarget "PopoverSwiftUI" */ = {
			isa = XCConfigurationList;
			buildConfigurations = (
				66BD5E05247C3A3500B6BD12 /* Debug */,
				66BD5E06247C3A3500B6BD12 /* Release */,
			);
			defaultConfigurationIsVisible = 0;
			defaultConfigurationName = Release;
		};
/* End XCConfigurationList section */
	};
	rootObject = 66BD5DE8247C3A3400B6BD12 /* Project object */;
}
